{
  "name": "firebase-gml-tooling",
  "lockfileVersion": 3,
  "requires": true,
  "packages": {
    "": {
      "name": "firebase-gml-tooling",
      "devDependencies": {
        "@gamemaker/gm-cli": "^2.2.0"
      }
    },
    "node_modules/@gamemaker/gm-cli": {
      "version": "2.2.0",
      "resolved": "https://registry.npmjs.org/@gamemaker/gm-cli/-/gm-cli-2.2.0.tgz",
      "integrity": "sha512-jrj9VAkKBED+TIrsS8+bE8vGewYKLrm3fTrNpXVxnNBt+duMwNwJSanBjzNXt2T7+iIkR1+OFIekuhns+yIzrQ==",
      "dev": true,
      "license": "Apache-2.0",
      "bin": {
        "gm-cli": "dist/cli.js"
      },
      "engines": {
        "node": ">=24"
      }
    }
  }
}
